
Microsoft Visual Studio Solution File, Format Version 12.00
# Visual Studio 14
VisualStudioVersion = 14.0.25123.0
MinimumVisualStudioVersion = 10.0.40219.1
Project("{FAE04EC0-301F-11D3-BF4B-00C04F79EFBC}") = "Core", "Core\Core.csproj", "{7FC8A68E-3531-43E9-BC89-18757A7E1F8E}"
EndProject
Project("{FAE04EC0-301F-11D3-BF4B-00C04F79EFBC}") = "MsSql", "MsSql\MsSql.csproj", "{68258B8D-52F7-42B6-B9DB-EADA5C7274F9}"
EndProject
Project("{2150E333-8FDC-42A3-9474-1A3956D46DE8}") = "DataAccess", "DataAccess", "{347D62EC-E088-4607-9973-2BF8F22C37BA}"
EndProject
Project("{FAE04EC0-301F-11D3-BF4B-00C04F79EFBC}") = "Interfaces", "Interfaces\Interfaces.csproj", "{76056EBA-7A95-4100-BC51-BE0426F54BF5}"
EndProject
Project("{2150E333-8FDC-42A3-9474-1A3956D46DE8}") = "Common", "Common", "{95DD1784-2A63-4BBD-B973-5FC515C968D5}"
EndProject
Project("{FAE04EC0-301F-11D3-BF4B-00C04F79EFBC}") = "Entities", "Entities\Entities.csproj", "{AB1C5FEF-B6E1-4F97-98D2-FCC7EC75AC3A}"
EndProject
Global
	GlobalSection(SolutionConfigurationPlatforms) = preSolution
		Debug|Any CPU = Debug|Any CPU
		Release|Any CPU = Release|Any CPU
	EndGlobalSection
	GlobalSection(ProjectConfigurationPlatforms) = postSolution
		{7FC8A68E-3531-43E9-BC89-18757A7E1F8E}.Debug|Any CPU.ActiveCfg = Debug|Any CPU
		{7FC8A68E-3531-43E9-BC89-18757A7E1F8E}.Debug|Any CPU.Build.0 = Debug|Any CPU
		{7FC8A68E-3531-43E9-BC89-18757A7E1F8E}.Release|Any CPU.ActiveCfg = Release|Any CPU
		{7FC8A68E-3531-43E9-BC89-18757A7E1F8E}.Release|Any CPU.Build.0 = Release|Any CPU
		{68258B8D-52F7-42B6-B9DB-EADA5C7274F9}.Debug|Any CPU.ActiveCfg = Debug|Any CPU
		{68258B8D-52F7-42B6-B9DB-EADA5C7274F9}.Debug|Any CPU.Build.0 = Debug|Any CPU
		{68258B8D-52F7-42B6-B9DB-EADA5C7274F9}.Release|Any CPU.ActiveCfg = Release|Any CPU
		{68258B8D-52F7-42B6-B9DB-EADA5C7274F9}.Release|Any CPU.Build.0 = Release|Any CPU
		{76056EBA-7A95-4100-BC51-BE0426F54BF5}.Debug|Any CPU.ActiveCfg = Debug|Any CPU
		{76056EBA-7A95-4100-BC51-BE0426F54BF5}.Debug|Any CPU.Build.0 = Debug|Any CPU
		{76056EBA-7A95-4100-BC51-BE0426F54BF5}.Release|Any CPU.ActiveCfg = Release|Any CPU
		{76056EBA-7A95-4100-BC51-BE0426F54BF5}.Release|Any CPU.Build.0 = Release|Any CPU
		{AB1C5FEF-B6E1-4F97-98D2-FCC7EC75AC3A}.Debug|Any CPU.ActiveCfg = Debug|Any CPU
		{AB1C5FEF-B6E1-4F97-98D2-FCC7EC75AC3A}.Debug|Any CPU.Build.0 = Debug|Any CPU
		{AB1C5FEF-B6E1-4F97-98D2-FCC7EC75AC3A}.Release|Any CPU.ActiveCfg = Release|Any CPU
		{AB1C5FEF-B6E1-4F97-98D2-FCC7EC75AC3A}.Release|Any CPU.Build.0 = Release|Any CPU
	EndGlobalSection
	GlobalSection(SolutionProperties) = preSolution
		HideSolutionNode = FALSE
	EndGlobalSection
	GlobalSection(NestedProjects) = preSolution
		{7FC8A68E-3531-43E9-BC89-18757A7E1F8E} = {347D62EC-E088-4607-9973-2BF8F22C37BA}
		{68258B8D-52F7-42B6-B9DB-EADA5C7274F9} = {347D62EC-E088-4607-9973-2BF8F22C37BA}
		{76056EBA-7A95-4100-BC51-BE0426F54BF5} = {347D62EC-E088-4607-9973-2BF8F22C37BA}
		{AB1C5FEF-B6E1-4F97-98D2-FCC7EC75AC3A} = {95DD1784-2A63-4BBD-B973-5FC515C968D5}
	EndGlobalSection
EndGlobal
